<Solution>
  <Project Path="Dovetail.Tests/Dovetail.Tests.csproj" />
  <Project Path="Dovetail/Dovetail.csproj" />
  <Project Path="Dovetail.Example/Dovetail.Example.csproj" />
  <Project Path="Dovetail.Report/Dovetail.Report.csproj" />
  <Project Path="Dovetail.Report.Tests/Dovetail.Report.Tests.csproj" />
</Solution>
